
Microsoft Visual Studio Solution File, Format Version 12.00
# Visual Studio 15
VisualStudioVersion = 15.0.27130.2003
MinimumVisualStudioVersion = 10.0.40219.1
Project("{FAE04EC0-301F-11D3-BF4B-00C04F79EFBC}") = "SaaSApp", "SaaSApp\SaaSApp.csproj", "{2CB97C0D-4364-4533-98D8-1F31BDC73C8B}"
EndProject
Project("{FAE04EC0-301F-11D3-BF4B-00C04F79EFBC}") = "Entities", "Entities\Entities.csproj", "{14FF060E-5975-43CE-B671-BDCB114DB6CD}"
EndProject
Project("{2150E333-8FDC-42A3-9474-1A3956D46DE8}") = "scripts", "scripts", "{0A1D5A77-39EC-4208-93BC-D060C52D1047}"
	ProjectSection(SolutionItems) = preProject
		database.sql = database.sql
	EndProjectSection
EndProject
Project("{FAE04EC0-301F-11D3-BF4B-00C04F79EFBC}") = "Database", "Database\Database.csproj", "{D699F033-4AA5-4AC0-8FE5-55403FF06297}"
EndProject
Global
	GlobalSection(SolutionConfigurationPlatforms) = preSolution
		Debug|Any CPU = Debug|Any CPU
		Release|Any CPU = Release|Any CPU
	EndGlobalSection
	GlobalSection(ProjectConfigurationPlatforms) = postSolution
		{2CB97C0D-4364-4533-98D8-1F31BDC73C8B}.Debug|Any CPU.ActiveCfg = Debug|Any CPU
		{2CB97C0D-4364-4533-98D8-1F31BDC73C8B}.Debug|Any CPU.Build.0 = Debug|Any CPU
		{2CB97C0D-4364-4533-98D8-1F31BDC73C8B}.Release|Any CPU.ActiveCfg = Release|Any CPU
		{2CB97C0D-4364-4533-98D8-1F31BDC73C8B}.Release|Any CPU.Build.0 = Release|Any CPU
		{14FF060E-5975-43CE-B671-BDCB114DB6CD}.Debug|Any CPU.ActiveCfg = Debug|Any CPU
		{14FF060E-5975-43CE-B671-BDCB114DB6CD}.Debug|Any CPU.Build.0 = Debug|Any CPU
		{14FF060E-5975-43CE-B671-BDCB114DB6CD}.Release|Any CPU.ActiveCfg = Release|Any CPU
		{14FF060E-5975-43CE-B671-BDCB114DB6CD}.Release|Any CPU.Build.0 = Release|Any CPU
		{D699F033-4AA5-4AC0-8FE5-55403FF06297}.Debug|Any CPU.ActiveCfg = Debug|Any CPU
		{D699F033-4AA5-4AC0-8FE5-55403FF06297}.Debug|Any CPU.Build.0 = Debug|Any CPU
		{D699F033-4AA5-4AC0-8FE5-55403FF06297}.Release|Any CPU.ActiveCfg = Release|Any CPU
		{D699F033-4AA5-4AC0-8FE5-55403FF06297}.Release|Any CPU.Build.0 = Release|Any CPU
	EndGlobalSection
	GlobalSection(SolutionProperties) = preSolution
		HideSolutionNode = FALSE
	EndGlobalSection
	GlobalSection(ExtensibilityGlobals) = postSolution
		SolutionGuid = {6677ED0E-591A-4B25-BF88-458E22C3DFCC}
	EndGlobalSection
EndGlobal
